{
  "name": "Project-2",
  "lockfileVersion": 2,
  "requires": true,
  "packages": {
    "": {
      "dependencies": {
        "gsap": "file:gsap-bonus.tgz"
      }
    },
    "node_modules/gsap": {
      "version": "3.6.1",
      "resolved": "file:gsap-bonus.tgz",
      "integrity": "sha512-NOM5/7wAMOTJvivoZQzFnRWOfTQ4hfl0DGJgf1yzjuqEmj9+d7gxrTdBblgXIItaMQG0l19iRKQMThHmWBZwVA==",
      "license": "Standard 'no charge' license: https://greensock.com/standard-license. Club GreenSock members get more: https://greensock.com/licensing/. Why GreenSock doesn't employ an MIT license: https://greensock.com/why-license/"
    }
  },
  "dependencies": {
    "gsap": {
      "version": "file:gsap-bonus.tgz",
      "integrity": "sha512-NOM5/7wAMOTJvivoZQzFnRWOfTQ4hfl0DGJgf1yzjuqEmj9+d7gxrTdBblgXIItaMQG0l19iRKQMThHmWBZwVA=="
    }
  }
}
